{
  "name": "@dcl.ru/api",
  "version": "3.7.2",
  "lockfileVersion": 3,
  "requires": true,
  "packages": {
    "": {
      "name": "@dcl.ru/api",
      "version": "3.7.2",
      "license": "MIT",
      "dependencies": {
        "@dcl.ru/dtos": "latest",
        "zod": "latest"
      },
      "devDependencies": {
        "@types/node": "latest",
        "typescript": "latest"
      }
    },
    "node_modules/@dcl.ru/dtos": {
      "version": "3.8.0",
      "resolved": "https://registry.npmjs.org/@dcl.ru/dtos/-/dtos-3.8.0.tgz",
      "integrity": "sha512-nRk1dy+6YBVh8D1NnYB2Y1ko+utJrQZxBqOpv9AHV/8sMiNTa3RO2uOqvgcMkZgLXF+hphdVLsivIbnFgG3o1g==",
      "license": "MIT",
      "dependencies": {
        "zod": "latest"
      }
    },
    "node_modules/@types/node": {
      "version": "22.15.3",
      "resolved": "https://registry.npmjs.org/@types/node/-/node-22.15.3.tgz",
      "integrity": "sha512-lX7HFZeHf4QG/J7tBZqrCAXwz9J5RD56Y6MpP0eJkka8p+K0RY/yBTW7CYFJ4VGCclxqOLKmiGP5juQc6MKgcw==",
      "dev": true,
      "license": "MIT",
      "dependencies": {
        "undici-types": "~6.21.0"
      }
    },
    "node_modules/typescript": {
      "version": "5.8.3",
      "resolved": "https://registry.npmjs.org/typescript/-/typescript-5.8.3.tgz",
      "integrity": "sha512-p1diW6TqL9L07nNxvRMM7hMMw4c5XOo/1ibL4aAIGmSAt9slTE1Xgw5KWuof2uTOvCg9BY7ZRi+GaF+7sfgPeQ==",
      "dev": true,
      "license": "Apache-2.0",
      "bin": {
        "tsc": "bin/tsc",
        "tsserver": "bin/tsserver"
      },
      "engines": {
        "node": ">=14.17"
      }
    },
    "node_modules/undici-types": {
      "version": "6.21.0",
      "resolved": "https://registry.npmjs.org/undici-types/-/undici-types-6.21.0.tgz",
      "integrity": "sha512-iwDZqg0QAGrg9Rav5H4n0M64c3mkR59cJ6wQp+7C4nI0gsmExaedaYLNO44eT4AtBBwjbTiGPMlt2Md0T9H9JQ==",
      "dev": true,
      "license": "MIT"
    },
    "node_modules/zod": {
      "version": "3.24.3",
      "resolved": "https://registry.npmjs.org/zod/-/zod-3.24.3.tgz",
      "integrity": "sha512-HhY1oqzWCQWuUqvBFnsyrtZRhyPeR7SUGv+C4+MsisMuVfSPx8HpwWqH8tRahSlt6M3PiFAcoeFhZAqIXTxoSg==",
      "license": "MIT",
      "funding": {
        "url": "https://github.com/sponsors/colinhacks"
      }
    }
  }
}
